<Solution>
  <Folder Name="/docs/" />
  <Folder Name="/Solution Items/">
    <File Path=".editorconfig" />
    <File Path="azure-pipelines.yml" />
    <File Path="Claude.md" />
    <File Path="LICENSE.txt" />
    <File Path="README.md" />
  </Folder>
  <Folder Name="/src/">
    <Project Path="src/RESTClientNet20.Library/RESTClientNet20.Library.csproj" Id="57cd25b3-c1c8-4480-a2f0-9a33e9cb5cd1" />
  </Folder>
  <Folder Name="/tests/">
    <File Path="tests/RESTClientNet20.Tests/WeatherForecast.cs" />
    <File Path="tests/run-test.ps1" />
    <Project Path="tests/RESTClientNet20.Tests/RESTClientNet20.Tests.csproj" Id="354a4032-d63f-4e9d-974c-b8e2629e5f26" />
  </Folder>
</Solution>
